
Microsoft Visual Studio Solution File, Format Version 12.00
# Visual Studio Version 17
VisualStudioVersion = 17.13.35931.197 d17.13
MinimumVisualStudioVersion = 10.0.40219.1
Project("{FAE04EC0-301F-11D3-BF4B-00C04F79EFBC}") = "FastQuizMAUI", "FastQuizMAUI.csproj", "{CA1CCE17-E0B4-459C-B76D-CD40F48CA65A}"
EndProject
Global
	GlobalSection(SolutionConfigurationPlatforms) = preSolution
		Debug|Any CPU = Debug|Any CPU
		Release|Any CPU = Release|Any CPU
	EndGlobalSection
	GlobalSection(ProjectConfigurationPlatforms) = postSolution
		{CA1CCE17-E0B4-459C-B76D-CD40F48CA65A}.Debug|Any CPU.ActiveCfg = Debug|Any CPU
		{CA1CCE17-E0B4-459C-B76D-CD40F48CA65A}.Debug|Any CPU.Build.0 = Debug|Any CPU
		{CA1CCE17-E0B4-459C-B76D-CD40F48CA65A}.Debug|Any CPU.Deploy.0 = Debug|Any CPU
		{CA1CCE17-E0B4-459C-B76D-CD40F48CA65A}.Release|Any CPU.ActiveCfg = Release|Any CPU
		{CA1CCE17-E0B4-459C-B76D-CD40F48CA65A}.Release|Any CPU.Build.0 = Release|Any CPU
		{CA1CCE17-E0B4-459C-B76D-CD40F48CA65A}.Release|Any CPU.Deploy.0 = Release|Any CPU
	EndGlobalSection
	GlobalSection(SolutionProperties) = preSolution
		HideSolutionNode = FALSE
	EndGlobalSection
	GlobalSection(ExtensibilityGlobals) = postSolution
		SolutionGuid = {86153FCB-55F8-4C0F-A340-4FB4DB10AF7C}
	EndGlobalSection
EndGlobal
